
Microsoft Visual Studio Solution File, Format Version 12.00
# Visual Studio 15
VisualStudioVersion = 15.0.28307.1500
MinimumVisualStudioVersion = 10.0.40219.1
Project("{FAE04EC0-301F-11D3-BF4B-00C04F79EFBC}") = "BilgiYarismasi", "BilgiYarismasi\BilgiYarismasi.csproj", "{A9F6D27E-08CB-4D2C-88E0-A706B91327D3}"
EndProject
Global
	GlobalSection(SolutionConfigurationPlatforms) = preSolution
		Debug|Any CPU = Debug|Any CPU
		Release|Any CPU = Release|Any CPU
	EndGlobalSection
	GlobalSection(ProjectConfigurationPlatforms) = postSolution
		{A9F6D27E-08CB-4D2C-88E0-A706B91327D3}.Debug|Any CPU.ActiveCfg = Debug|Any CPU
		{A9F6D27E-08CB-4D2C-88E0-A706B91327D3}.Debug|Any CPU.Build.0 = Debug|Any CPU
		{A9F6D27E-08CB-4D2C-88E0-A706B91327D3}.Release|Any CPU.ActiveCfg = Release|Any CPU
		{A9F6D27E-08CB-4D2C-88E0-A706B91327D3}.Release|Any CPU.Build.0 = Release|Any CPU
	EndGlobalSection
	GlobalSection(SolutionProperties) = preSolution
		HideSolutionNode = FALSE
	EndGlobalSection
	GlobalSection(ExtensibilityGlobals) = postSolution
		SolutionGuid = {D269B2EE-9923-4D83-894F-7BC8528F465C}
	EndGlobalSection
EndGlobal
